// !$*UTF8*$!
{
	archiveVersion = 1;
	classes = {
	};
	objectVersion = 46;
	objects = {

/* Begin PBXBuildFile section */
		BF6726981BB14EFD00BBD518 /* main.m in Sources */ = {isa = PBXBuildFile; fileRef = BF6726971BB14EFD00BBD518 /* main.m */; };
		BF67269B1BB14EFD00BBD518 /* AppDelegate.m in Sources */ = {isa = PBXBuildFile; fileRef = BF67269A1BB14EFD00BBD518 /* AppDelegate.m */; };
		BF67269E1BB14EFD00BBD518 /* ViewController.m in Sources */ = {isa = PBXBuildFile; fileRef = BF67269D1BB14EFD00BBD518 /* ViewController.m */; };
		BF6726A11BB14EFD00BBD518 /* Main.storyboard in Resources */ = {isa = PBXBuildFile; fileRef = BF67269F1BB14EFD00BBD518 /* Main.storyboard */; };
		BF6726A31BB14EFD00BBD518 /* Images.xcassets in Resources */ = {isa = PBXBuildFile; fileRef = BF6726A21BB14EFD00BBD518 /* Images.xcassets */; };
		BF6726A61BB14EFD00BBD518 /* LaunchScreen.xib in Resources */ = {isa = PBXBuildFile; fileRef = BF6726A41BB14EFD00BBD518 /* LaunchScreen.xib */; };
		BF6726B21BB14EFD00BBD518 /* JCNav_TabFarmeTests.m in Sources */ = {isa = PBXBuildFile; fileRef = BF6726B11BB14EFD00BBD518 /* JCNav_TabFarmeTests.m */; };
/* End PBXBuildFile section */

/* Begin PBXContainerItemProxy section */
		BF6726AC1BB14EFD00BBD518 /* PBXContainerItemProxy */ = {
			isa = PBXContainerItemProxy;
			containerPortal = BF67268A1BB14EFD00BBD518 /* Project object */;
			proxyType = 1;
			remoteGlobalIDString = BF6726911BB14EFD00BBD518;
			remoteInfo = "JCNav-TabFarme";
		};
/* End PBXContainerItemProxy section */

/* Begin PBXFileReference section */
		BF6726921BB14EFD00BBD518 /* JCNav-TabFarme.app */ = {isa = PBXFileReference; explicitFileType = wrapper.application; includeInIndex = 0; path = "JCNav-TabFarme.app"; sourceTree = BUILT_PRODUCTS_DIR; };
		BF6726961BB14EFD00BBD518 /* Info.plist */ = {isa = PBXFileReference; lastKnownFileType = text.plist.xml; path = Info.plist; sourceTree = "<group>"; };
		BF6726971BB14EFD00BBD518 /* main.m */ = {isa = PBXFileReference; lastKnownFileType = sourcecode.c.objc; path = main.m; sourceTree = "<group>"; };
		BF6726991BB14EFD00BBD518 /* AppDelegate.h */ = {isa = PBXFileReference; lastKnownFileType = sourcecode.c.h; path = AppDelegate.h; sourceTree = "<group>"; };
		BF67269A1BB14EFD00BBD518 /* AppDelegate.m */ = {isa = PBXFileReference; lastKnownFileType = sourcecode.c.objc; path = AppDelegate.m; sourceTree = "<group>"; };
		BF67269C1BB14EFD00BBD518 /* ViewController.h */ = {isa = PBXFileReference; lastKnownFileType = sourcecode.c.h; path = ViewController.h; sourceTree = "<group>"; };
		BF67269D1BB14EFD00BBD518 /* ViewController.m */ = {isa = PBXFileReference; lastKnownFileType = sourcecode.c.objc; path = ViewController.m; sourceTree = "<group>"; };
		BF6726A01BB14EFD00BBD518 /* Base */ = {isa = PBXFileReference; lastKnownFileType = file.storyboard; name = Base; path = Base.lproj/Main.storyboard; sourceTree = "<group>"; };
		BF6726A21BB14EFD00BBD518 /* Images.xcassets */ = {isa = PBXFileReference; lastKnownFileType = folder.assetcatalog; path = Images.xcassets; sourceTree = "<group>"; };
		BF6726A51BB14EFD00BBD518 /* Base */ = {isa = PBXFileReference; lastKnownFileType = file.xib; name = Base; path = Base.lproj/LaunchScreen.xib; sourceTree = "<group>"; };
		BF6726AB1BB14EFD00BBD518 /* JCNav-TabFarmeTests.xctest */ = {isa = PBXFileReference; explicitFileType = wrapper.cfbundle; includeInIndex = 0; path = "JCNav-TabFarmeTests.xctest"; sourceTree = BUILT_PRODUCTS_DIR; };
		BF6726B01BB14EFD00BBD518 /* Info.plist */ = {isa = PBXFileReference; lastKnownFileType = text.plist.xml; path = Info.plist; sourceTree = "<group>"; };
		BF6726B11BB14EFD00BBD518 /* JCNav_TabFarmeTests.m */ = {isa = PBXFileReference; lastKnownFileType = sourcecode.c.objc; path = JCNav_TabFarmeTests.m; sourceTree = "<group>"; };
/* End PBXFileReference section */

/* Begin PBXFrameworksBuildPhase section */
		BF67268F1BB14EFD00BBD518 /* Frameworks */ = {
			isa = PBXFrameworksBuildPhase;
			buildActionMask = 2147483647;
			files = (
			);
			runOnlyForDeploymentPostprocessing = 0;
		};
		BF6726A81BB14EFD00BBD518 /* Frameworks */ = {
			isa = PBXFrameworksBuildPhase;
			buildActionMask = 2147483647;
			files = (
			);
			runOnlyForDeploymentPostprocessing = 0;
		};
/* End PBXFrameworksBuildPhase section */

/* Begin PBXGroup section */
		BF6726891BB14EFD00BBD518 = {
			isa = PBXGroup;
			children = (
				BF6726941BB14EFD00BBD518 /* JCNav-TabFarme */,
				BF6726AE1BB14EFD00BBD518 /* JCNav-TabFarmeTests */,
				BF6726931BB14EFD00BBD518 /* Products */,
			);
			sourceTree = "<group>";
		};
		BF6726931BB14EFD00BBD518 /* Products */ = {
			isa = PBXGroup;
			children = (
				BF6726921BB14EFD00BBD518 /* JCNav-TabFarme.app */,
				BF6726AB1BB14EFD00BBD518 /* JCNav-TabFarmeTests.xctest */,
			);
			name = Products;
			sourceTree = "<group>";
		};
		BF6726941BB14EFD00BBD518 /* JCNav-TabFarme */ = {
			isa = PBXGroup;
			children = (
				BF6726991BB14EFD00BBD518 /* AppDelegate.h */,
				BF67269A1BB14EFD00BBD518 /* AppDelegate.m */,
				BF67269C1BB14EFD00BBD518 /* ViewController.h */,
				BF67269D1BB14EFD00BBD518 /* ViewController.m */,
				BF67269F1BB14EFD00BBD518 /* Main.storyboard */,
				BF6726A21BB14EFD00BBD518 /* Images.xcassets */,
				BF6726A41BB14EFD00BBD518 /* LaunchScreen.xib */,
				BF6726951BB14EFD00BBD518 /* Supporting Files */,
			);
			path = "JCNav-TabFarme";
			sourceTree = "<group>";
		};
		BF6726951BB14EFD00BBD518 /* Supporting Files */ = {
			isa = PBXGroup;
			children = (
				BF6726961BB14EFD00BBD518 /* Info.plist */,
				BF6726971BB14EFD00BBD518 /* main.m */,
			);
			name = "Supporting Files";
			sourceTree = "<group>";
		};
		BF6726AE1BB14EFD00BBD518 /* JCNav-TabFarmeTests */ = {
			isa = PBXGroup;
			children = (
				BF6726B11BB14EFD00BBD518 /* JCNav_TabFarmeTests.m */,
				BF6726AF1BB14EFD00BBD518 /* Supporting Files */,
			);
			path = "JCNav-TabFarmeTests";
			sourceTree = "<group>";
		};
		BF6726AF1BB14EFD00BBD518 /* Supporting Files */ = {
			isa = PBXGroup;
			children = (
				BF6726B01BB14EFD00BBD518 /* Info.plist */,
			);
			name = "Supporting Files";
			sourceTree = "<group>";
		};
/* End PBXGroup section */

/* Begin PBXNativeTarget section */
		BF6726911BB14EFD00BBD518 /* JCNav-TabFarme */ = {
			isa = PBXNativeTarget;
			buildConfigurationList = BF6726B51BB14EFD00BBD518 /* Build configuration list for PBXNativeTarget "JCNav-TabFarme" */;
			buildPhases = (
				BF67268E1BB14EFD00BBD518 /* Sources */,
				BF67268F1BB14EFD00BBD518 /* Frameworks */,
				BF6726901BB14EFD00BBD518 /* Resources */,
			);
			buildRules = (
			);
			dependencies = (
			);
			name = "JCNav-TabFarme";
			productName = "JCNav-TabFarme";
			productReference = BF6726921BB14EFD00BBD518 /* JCNav-TabFarme.app */;
			productType = "com.apple.product-type.application";
		};
		BF6726AA1BB14EFD00BBD518 /* JCNav-TabFarmeTests */ = {
			isa = PBXNativeTarget;
			buildConfigurationList = BF6726B81BB14EFD00BBD518 /* Build configuration list for PBXNativeTarget "JCNav-TabFarmeTests" */;
			buildPhases = (
				BF6726A71BB14EFD00BBD518 /* Sources */,
				BF6726A81BB14EFD00BBD518 /* Frameworks */,
				BF6726A91BB14EFD00BBD518 /* Resources */,
			);
			buildRules = (
			);
			dependencies = (
				BF6726AD1BB14EFD00BBD518 /* PBXTargetDependency */,
			);
			name = "JCNav-TabFarmeTests";
			productName = "JCNav-TabFarmeTests";
			productReference = BF6726AB1BB14EFD00BBD518 /* JCNav-TabFarmeTests.xctest */;
			productType = "com.apple.product-type.bundle.unit-test";
		};
/* End PBXNativeTarget section */

/* Begin PBXProject section */
		BF67268A1BB14EFD00BBD518 /* Project object */ = {
			isa = PBXProject;
			attributes = {
				LastUpgradeCheck = 0640;
				ORGANIZATIONNAME = yingyi;
				TargetAttributes = {
					BF6726911BB14EFD00BBD518 = {
						CreatedOnToolsVersion = 6.4;
					};
					BF6726AA1BB14EFD00BBD518 = {
						CreatedOnToolsVersion = 6.4;
						TestTargetID = BF6726911BB14EFD00BBD518;
					};
				};
			};
			buildConfigurationList = BF67268D1BB14EFD00BBD518 /* Build configuration list for PBXProject "JCNav-TabFarme" */;
			compatibilityVersion = "Xcode 3.2";
			developmentRegion = English;
			hasScannedForEncodings = 0;
			knownRegions = (
				en,
				Base,
			);
			mainGroup = BF6726891BB14EFD00BBD518;
			productRefGroup = BF6726931BB14EFD00BBD518 /* Products */;
			projectDirPath = "";
			projectRoot = "";
			targets = (
				BF6726911BB14EFD00BBD518 /* JCNav-TabFarme */,
				BF6726AA1BB14EFD00BBD518 /* JCNav-TabFarmeTests */,
			);
		};
/* End PBXProject section */

/* Begin PBXResourcesBuildPhase section */
		BF6726901BB14EFD00BBD518 /* Resources */ = {
			isa = PBXResourcesBuildPhase;
			buildActionMask = 2147483647;
			files = (
				BF6726A11BB14EFD00BBD518 /* Main.storyboard in Resources */,
				BF6726A61BB14EFD00BBD518 /* LaunchScreen.xib in Resources */,
				BF6726A31BB14EFD00BBD518 /* Images.xcassets in Resources */,
			);
			runOnlyForDeploymentPostprocessing = 0;
		};
		BF6726A91BB14EFD00BBD518 /* Resources */ = {
			isa = PBXResourcesBuildPhase;
			buildActionMask = 2147483647;
			files = (
			);
			runOnlyForDeploymentPostprocessing = 0;
		};
/* End PBXResourcesBuildPhase section */

/* Begin PBXSourcesBuildPhase section */
		BF67268E1BB14EFD00BBD518 /* Sources */ = {
			isa = PBXSourcesBuildPhase;
			buildActionMask = 2147483647;
			files = (
				BF67269E1BB14EFD00BBD518 /* ViewController.m in Sources */,
				BF67269B1BB14EFD00BBD518 /* AppDelegate.m in Sources */,
				BF6726981BB14EFD00BBD518 /* main.m in Sources */,
			);
			runOnlyForDeploymentPostprocessing = 0;
		};
		BF6726A71BB14EFD00BBD518 /* Sources */ = {
			isa = PBXSourcesBuildPhase;
			buildActionMask = 2147483647;
			files = (
				BF6726B21BB14EFD00BBD518 /* JCNav_TabFarmeTests.m in Sources */,
			);
			runOnlyForDeploymentPostprocessing = 0;
		};
/* End PBXSourcesBuildPhase section */

/* Begin PBXTargetDependency section */
		BF6726AD1BB14EFD00BBD518 /* PBXTargetDependency */ = {
			isa = PBXTargetDependency;
			target = BF6726911BB14EFD00BBD518 /* JCNav-TabFarme */;
			targetProxy = BF6726AC1BB14EFD00BBD518 /* PBXContainerItemProxy */;
		};
/* End PBXTargetDependency section */

/* Begin PBXVariantGroup section */
		BF67269F1BB14EFD00BBD518 /* Main.storyboard */ = {
			isa = PBXVariantGroup;
			children = (
				BF6726A01BB14EFD00BBD518 /* Base */,
			);
			name = Main.storyboard;
			sourceTree = "<group>";
		};
		BF6726A41BB14EFD00BBD518 /* LaunchScreen.xib */ = {
			isa = PBXVariantGroup;
			children = (
				BF6726A51BB14EFD00BBD518 /* Base */,
			);
			name = LaunchScreen.xib;
			sourceTree = "<group>";
		};
/* End PBXVariantGroup section */

/* Begin XCBuildConfiguration section */
		BF6726B31BB14EFD00BBD518 /* Debug */ = {
			isa = XCBuildConfiguration;
			buildSettings = {
				ALWAYS_SEARCH_USER_PATHS = NO;
				CLANG_CXX_LANGUAGE_STANDARD = "gnu++0x";
				CLANG_CXX_LIBRARY = "libc++";
				CLANG_ENABLE_MODULES = YES;
				CLANG_ENABLE_OBJC_ARC = YES;
				CLANG_WARN_BOOL_CONVERSION = YES;
				CLANG_WARN_CONSTANT_CONVERSION = YES;
				CLANG_WARN_DIRECT_OBJC_ISA_USAGE = YES_ERROR;
				CLANG_WARN_EMPTY_BODY = YES;
				CLANG_WARN_ENUM_CONVERSION = YES;
				CLANG_WARN_INT_CONVERSION = YES;
				CLANG_WARN_OBJC_ROOT_CLASS = YES_ERROR;
				CLANG_WARN_UNREACHABLE_CODE = YES;
				CLANG_WARN__DUPLICATE_METHOD_MATCH = YES;
				"CODE_SIGN_IDENTITY[sdk=iphoneos*]" = "iPhone Developer";
				COPY_PHASE_STRIP = NO;
				DEBUG_INFORMATION_FORMAT = "dwarf-with-dsym";
				ENABLE_STRICT_OBJC_MSGSEND = YES;
				GCC_C_LANGUAGE_STANDARD = gnu99;
				GCC_DYNAMIC_NO_PIC = NO;
				GCC_NO_COMMON_BLOCKS = YES;
				GCC_OPTIMIZATION_LEVEL = 0;
				GCC_PREPROCESSOR_DEFINITIONS = (
					"DEBUG=1",
					"$(inherited)",
				);
				GCC_SYMBOLS_PRIVATE_EXTERN = NO;
				GCC_WARN_64_TO_32_BIT_CONVERSION = YES;
				GCC_WARN_ABOUT_RETURN_TYPE = YES_ERROR;
				GCC_WARN_UNDECLARED_SELECTOR = YES;
				GCC_WARN_UNINITIALIZED_AUTOS = YES_AGGRESSIVE;
				GCC_WARN_UNUSED_FUNCTION = YES;
				GCC_WARN_UNUSED_VARIABLE = YES;
				IPHONEOS_DEPLOYMENT_TARGET = 8.4;
				MTL_ENABLE_DEBUG_INFO = YES;
				ONLY_ACTIVE_ARCH = YES;
				SDKROOT = iphoneos;
				TARGETED_DEVICE_FAMILY = "1,2";
			};
			name = Debug;
		};
		BF6726B41BB14EFD00BBD518 /* Release */ = {
			isa = XCBuildConfiguration;
			buildSettings = {
				ALWAYS_SEARCH_USER_PATHS = NO;
				CLANG_CXX_LANGUAGE_STANDARD = "gnu++0x";
				CLANG_CXX_LIBRARY = "libc++";
				CLANG_ENABLE_MODULES = YES;
				CLANG_ENABLE_OBJC_ARC = YES;
				CLANG_WARN_BOOL_CONVERSION = YES;
				CLANG_WARN_CONSTANT_CONVERSION = YES;
				CLANG_WARN_DIRECT_OBJC_ISA_USAGE = YES_ERROR;
				CLANG_WARN_EMPTY_BODY = YES;
				CLANG_WARN_ENUM_CONVERSION = YES;
				CLANG_WARN_INT_CONVERSION = YES;
				CLANG_WARN_OBJC_ROOT_CLASS = YES_ERROR;
				CLANG_WARN_UNREACHABLE_CODE = YES;
				CLANG_WARN__DUPLICATE_METHOD_MATCH = YES;
				"CODE_SIGN_IDENTITY[sdk=iphoneos*]" = "iPhone Developer";
				COPY_PHASE_STRIP = NO;
				DEBUG_INFORMATION_FORMAT = "dwarf-with-dsym";
				ENABLE_NS_ASSERTIONS = NO;
				ENABLE_STRICT_OBJC_MSGSEND = YES;
				GCC_C_LANGUAGE_STANDARD = gnu99;
				GCC_NO_COMMON_BLOCKS = YES;
				GCC_WARN_64_TO_32_BIT_CONVERSION = YES;
				GCC_WARN_ABOUT_RETURN_TYPE = YES_ERROR;
				GCC_WARN_UNDECLARED_SELECTOR = YES;
				GCC_WARN_UNINITIALIZED_AUTOS = YES_AGGRESSIVE;
				GCC_WARN_UNUSED_FUNCTION = YES;
				GCC_WARN_UNUSED_VARIABLE = YES;
				IPHONEOS_DEPLOYMENT_TARGET = 8.4;
				MTL_ENABLE_DEBUG_INFO = NO;
				SDKROOT = iphoneos;
				TARGETED_DEVICE_FAMILY = "1,2";
				VALIDATE_PRODUCT = YES;
			};
			name = Release;
		};
		BF6726B61BB14EFD00BBD518 /* Debug */ = {
			isa = XCBuildConfiguration;
			buildSettings = {
				ASSETCATALOG_COMPILER_APPICON_NAME = AppIcon;
				INFOPLIST_FILE = "JCNav-TabFarme/Info.plist";
				LD_RUNPATH_SEARCH_PATHS = "$(inherited) @executable_path/Frameworks";
				PRODUCT_NAME = "$(TARGET_NAME)";
			};
			name = Debug;
		};
		BF6726B71BB14EFD00BBD518 /* Release */ = {
			isa = XCBuildConfiguration;
			buildSettings = {
				ASSETCATALOG_COMPILER_APPICON_NAME = AppIcon;
				INFOPLIST_FILE = "JCNav-TabFarme/Info.plist";
				LD_RUNPATH_SEARCH_PATHS = "$(inherited) @executable_path/Frameworks";
				PRODUCT_NAME = "$(TARGET_NAME)";
			};
			name = Release;
		};
		BF6726B91BB14EFD00BBD518 /* Debug */ = {
			isa = XCBuildConfiguration;
			buildSettings = {
				BUNDLE_LOADER = "$(TEST_HOST)";
				FRAMEWORK_SEARCH_PATHS = (
					"$(SDKROOT)/Developer/Library/Frameworks",
					"$(inherited)",
				);
				GCC_PREPROCESSOR_DEFINITIONS = (
					"DEBUG=1",
					"$(inherited)",
				);
				INFOPLIST_FILE = "JCNav-TabFarmeTests/Info.plist";
				LD_RUNPATH_SEARCH_PATHS = "$(inherited) @executable_path/Frameworks @loader_path/Frameworks";
				PRODUCT_NAME = "$(TARGET_NAME)";
				TEST_HOST = "$(BUILT_PRODUCTS_DIR)/JCNav-TabFarme.app/JCNav-TabFarme";
			};
			name = Debug;
		};
		BF6726BA1BB14EFD00BBD518 /* Release */ = {
			isa = XCBuildConfiguration;
			buildSettings = {
				BUNDLE_LOADER = "$(TEST_HOST)";
				FRAMEWORK_SEARCH_PATHS = (
					"$(SDKROOT)/Developer/Library/Frameworks",
					"$(inherited)",
				);
				INFOPLIST_FILE = "JCNav-TabFarmeTests/Info.plist";
				LD_RUNPATH_SEARCH_PATHS = "$(inherited) @executable_path/Frameworks @loader_path/Frameworks";
				PRODUCT_NAME = "$(TARGET_NAME)";
				TEST_HOST = "$(BUILT_PRODUCTS_DIR)/JCNav-TabFarme.app/JCNav-TabFarme";
			};
			name = Release;
		};
/* End XCBuildConfiguration section */

/* Begin XCConfigurationList section */
		BF67268D1BB14EFD00BBD518 /* Build configuration list for PBXProject "JCNav-TabFarme" */ = {
			isa = XCConfigurationList;
			buildConfigurations = (
				BF6726B31BB14EFD00BBD518 /* Debug */,
				BF6726B41BB14EFD00BBD518 /* Release */,
			);
			defaultConfigurationIsVisible = 0;
			defaultConfigurationName = Release;
		};
		BF6726B51BB14EFD00BBD518 /* Build configuration list for PBXNativeTarget "JCNav-TabFarme" */ = {
			isa = XCConfigurationList;
			buildConfigurations = (
				BF6726B61BB14EFD00BBD518 /* Debug */,
				BF6726B71BB14EFD00BBD518 /* Release */,
			);
			defaultConfigurationIsVisible = 0;
		};
		BF6726B81BB14EFD00BBD518 /* Build configuration list for PBXNativeTarget "JCNav-TabFarmeTests" */ = {
			isa = XCConfigurationList;
			buildConfigurations = (
				BF6726B91BB14EFD00BBD518 /* Debug */,
				BF6726BA1BB14EFD00BBD518 /* Release */,
			);
			defaultConfigurationIsVisible = 0;
		};
/* End XCConfigurationList section */
	};
	rootObject = BF67268A1BB14EFD00BBD518 /* Project object */;
}
